<?xml version="1.0" encoding="utf-8"?>
<Project ToolsVersion="4.0" xmlns="http://schemas.microsoft.com/developer/msbuild/2003">
  <ItemGroup>
    <Filter Include="HLSL">
      <UniqueIdentifier>{d3156a53-02ef-4a24-9c86-566205c6868e}</UniqueIdentifier>
    </Filter>
    <Filter Include="HLSL\Common">
      <UniqueIdentifier>{ad7a524d-4636-4a51-8dc7-0b657e71c203}</UniqueIdentifier>
    </Filter>
    <Filter Include="HLSL\Unlit">
      <UniqueIdentifier>{677dbdf0-fadc-40f8-806a-e9f40ad92bc2}</UniqueIdentifier>
    </Filter>
    <Filter Include="Actor">
      <UniqueIdentifier>{555f756f-66f7-4e2e-a1e0-ff1fa89966db}</UniqueIdentifier>
    </Filter>
    <Filter Include="Actor\Base">
      <UniqueIdentifier>{314a2a39-f73a-460f-829f-10c7e2ee2919}</UniqueIdentifier>
    </Filter>
    <Filter Include="Component">
      <UniqueIdentifier>{06b1404f-b216-4e02-996c-9c5e776aa11f}</UniqueIdentifier>
    </Filter>
    <Filter Include="Component\Base">
      <UniqueIdentifier>{d966c93a-9aff-4a1c-ab5d-dacde6c862f1}</UniqueIdentifier>
    </Filter>
    <Filter Include="Manager">
      <UniqueIdentifier>{629f5023-5cf1-4c84-88ee-67ef4ce13f0c}</UniqueIdentifier>
    </Filter>
    <Filter Include="System">
      <UniqueIdentifier>{e8586356-dbe9-4382-b5ed-b757b8d82887}</UniqueIdentifier>
    </Filter>
    <Filter Include="Actor\2D">
      <UniqueIdentifier>{ae546a75-e103-494b-9f06-793f87543c16}</UniqueIdentifier>
    </Filter>
    <Filter Include="Actor\2D\Base">
      <UniqueIdentifier>{43a3afcf-f478-4e55-925f-c414319be806}</UniqueIdentifier>
    </Filter>
    <Filter Include="Manager\Manager_Actor">
      <UniqueIdentifier>{ad50237e-f134-4a43-b2aa-280bb03047a9}</UniqueIdentifier>
    </Filter>
    <Filter Include="Manager\Manager_Drawer">
      <UniqueIdentifier>{a65e0f94-25db-4366-b470-bb40065918c7}</UniqueIdentifier>
    </Filter>
    <Filter Include="Level">
      <UniqueIdentifier>{004261e1-93f3-4a73-a8af-b500e3944819}</UniqueIdentifier>
    </Filter>
    <Filter Include="Level\Base">
      <UniqueIdentifier>{d2a51b40-a68d-40cc-bdc9-23f05a33c5bb}</UniqueIdentifier>
    </Filter>
    <Filter Include="Actor\2D\Animation">
      <UniqueIdentifier>{ccc6bf93-63f1-408d-9952-cf8b558b9fca}</UniqueIdentifier>
    </Filter>
    <Filter Include="Actor\2D\Static">
      <UniqueIdentifier>{4d5226c0-870f-4298-a922-6526b242a22f}</UniqueIdentifier>
    </Filter>
    <Filter Include="Actor\2D\Animation\Test">
      <UniqueIdentifier>{7f0a0e64-1100-4969-8e07-dd2c1c134230}</UniqueIdentifier>
    </Filter>
    <Filter Include="Actor\2D\Static\Test">
      <UniqueIdentifier>{8ffbb5e2-2b9f-4b6a-8639-4a1942c750ea}</UniqueIdentifier>
    </Filter>
    <Filter Include="HLSL\VertexLighting">
      <UniqueIdentifier>{ef5b3a1c-3531-474c-8cfb-3b49b10a411b}</UniqueIdentifier>
    </Filter>
    <Filter Include="Actor\3D">
      <UniqueIdentifier>{46395d33-ec93-4d9b-ad60-90050501e930}</UniqueIdentifier>
    </Filter>
    <Filter Include="Actor\3D\Base">
      <UniqueIdentifier>{ec77e38a-1e74-47ac-933b-e39059cc3618}</UniqueIdentifier>
    </Filter>
    <Filter Include="Actor\3D\Billboard">
      <UniqueIdentifier>{7e2461a4-e329-49b7-883e-47840f3f94de}</UniqueIdentifier>
    </Filter>
    <Filter Include="Actor\3D\Billboard\Test">
      <UniqueIdentifier>{b9654d4a-87a6-4863-8c9c-8967c0e07fbd}</UniqueIdentifier>
    </Filter>
    <Filter Include="Renderer">
      <UniqueIdentifier>{9825ca23-a03a-4d3b-8fdf-4f8047803f06}</UniqueIdentifier>
    </Filter>
    <Filter Include="Actor\3D\Landscape">
      <UniqueIdentifier>{a3ff2f07-2ab3-495c-92e5-4bb9d148201d}</UniqueIdentifier>
    </Filter>
    <Filter Include="Manager\Manager_Actor\Base">
      <UniqueIdentifier>{8b8daecc-eb84-4d3c-a04e-16a27843d7ae}</UniqueIdentifier>
    </Filter>
    <Filter Include="Manager\Manager_Drawer\Owner">
      <UniqueIdentifier>{b77fac9f-3972-42ea-9132-3360ae84265e}</UniqueIdentifier>
    </Filter>
    <Filter Include="System\ImGui">
      <UniqueIdentifier>{8b3ecb71-c4f7-40b4-8f7f-85ef856277f9}</UniqueIdentifier>
    </Filter>
    <Filter Include="PlayerController">
      <UniqueIdentifier>{6627c89a-2ffb-4c7e-825e-4f1190274fd1}</UniqueIdentifier>
    </Filter>
    <Filter Include="PlayerController\Base">
      <UniqueIdentifier>{d7baecb9-aa73-4985-a978-edecf8b0de7b}</UniqueIdentifier>
    </Filter>
    <Filter Include="Actor\3D\Prop">
      <UniqueIdentifier>{572d9944-8edf-4210-a393-d8a680db2cc3}</UniqueIdentifier>
    </Filter>
    <Filter Include="Actor\3D\ActorRB">
      <UniqueIdentifier>{79eb1c37-3e3a-4c05-8495-45c0ea6b1654}</UniqueIdentifier>
    </Filter>
    <Filter Include="Actor\3D\ActorRB\Base">
      <UniqueIdentifier>{3ecc2fbf-9b03-437d-8482-95ee57f5acee}</UniqueIdentifier>
    </Filter>
    <Filter Include="Actor\3D\ActorRB\Character">
      <UniqueIdentifier>{c7304014-dd9b-43fd-9860-6c11f71e1706}</UniqueIdentifier>
    </Filter>
    <Filter Include="Actor\3D\ActorRB\Character\Base">
      <UniqueIdentifier>{247e7734-d33e-4ed7-a69e-3c5e816e33f2}</UniqueIdentifier>
    </Filter>
    <Filter Include="Actor\3D\ActorRB\Character\Base\StateMachine">
      <UniqueIdentifier>{6acdc550-963a-4580-bcd7-cec811afba3b}</UniqueIdentifier>
    </Filter>
    <Filter Include="Actor\3D\ActorRB\Character\Base\StateMachine\State">
      <UniqueIdentifier>{12b0e023-47d4-4b61-98c7-7ddf6a83068a}</UniqueIdentifier>
    </Filter>
    <Filter Include="Actor\3D\ActorRB\Character\Base\StateMachine\State\Base">
      <UniqueIdentifier>{12a77976-a1fd-4560-a7f7-2053df7b0eec}</UniqueIdentifier>
    </Filter>
    <Filter Include="Actor\HUD">
      <UniqueIdentifier>{9ebabfd2-eb08-4d2d-8898-f0c2b273a2e2}</UniqueIdentifier>
    </Filter>
    <Filter Include="Actor\HUD\Base">
      <UniqueIdentifier>{ee644fe8-d966-433f-aa0e-36f8510a69a2}</UniqueIdentifier>
    </Filter>
    <Filter Include="Actor\3D\ActorRB\Prop">
      <UniqueIdentifier>{92ae1213-30d6-4a51-abb6-d85c210c5c2c}</UniqueIdentifier>
    </Filter>
    <Filter Include="HLSL\Toon">
      <UniqueIdentifier>{cc9154a7-6458-4654-b769-45cb9ee97134}</UniqueIdentifier>
    </Filter>
    <Filter Include="HLSL\PixelLighting">
      <UniqueIdentifier>{ac20ab9c-b1fe-4850-9d79-59a6b8b674bf}</UniqueIdentifier>
    </Filter>
    <Filter Include="HLSL\NormalMapping">
      <UniqueIdentifier>{aca8e11e-c45d-4b5b-aa71-a61ec3ae4634}</UniqueIdentifier>
    </Filter>
    <Filter Include="HLSL\Envmapping">
      <UniqueIdentifier>{6858f4d0-e90c-45f9-acf9-38fd6726e8f0}</UniqueIdentifier>
    </Filter>
    <Filter Include="Actor\2D\Atomosphere">
      <UniqueIdentifier>{8eef4282-1ee5-4c35-bc48-c71a4c8f0205}</UniqueIdentifier>
    </Filter>
    <Filter Include="HLSL\Atomosphere">
      <UniqueIdentifier>{4861d4ee-a6a2-4794-bb18-82a9ca259ff8}</UniqueIdentifier>
    </Filter>
    <Filter Include="Manager\Manager_Font">
      <UniqueIdentifier>{80b189c3-425d-4635-8c11-99353a1458b2}</UniqueIdentifier>
    </Filter>
    <Filter Include="System\Complement">
      <UniqueIdentifier>{de5559a7-fe48-4ee6-b040-fd743d8e8c3f}</UniqueIdentifier>
    </Filter>
    <Filter Include="Sound">
      <UniqueIdentifier>{81284528-f990-45dd-a02b-3e511fe3ef6b}</UniqueIdentifier>
    </Filter>
  </ItemGroup>
  <ItemGroup>
    <FxCompile Include="..\HLSL\Common\Common.hlsl">
      <Filter>HLSL\Common</Filter>
    </FxCompile>
    <FxCompile Include="..\HLSL\Unlit\UnlitTexturePS.hlsl">
      <Filter>HLSL\Unlit</Filter>
    </FxCompile>
    <FxCompile Include="..\HLSL\Unlit\UnlitTextureVS.hlsl">
      <Filter>HLSL\Unlit</Filter>
    </FxCompile>
    <FxCompile Include="..\HLSL\VertexLighting\VertexLightingPS.hlsl">
      <Filter>HLSL\VertexLighting</Filter>
    </FxCompile>
    <FxCompile Include="..\HLSL\VertexLighting\VertexLightingVS.hlsl">
      <Filter>HLSL\VertexLighting</Filter>
    </FxCompile>
    <FxCompile Include="..\HLSL\Toon\ToonPS.hlsl">
      <Filter>HLSL\Toon</Filter>
    </FxCompile>
    <FxCompile Include="..\HLSL\Toon\ToonVS.hlsl">
      <Filter>HLSL\Toon</Filter>
    </FxCompile>
    <FxCompile Include="..\HLSL\PixelLighting\PixelLightingPS.hlsl">
      <Filter>HLSL\PixelLighting</Filter>
    </FxCompile>
    <FxCompile Include="..\HLSL\PixelLighting\PixelLightingVS.hlsl">
      <Filter>HLSL\PixelLighting</Filter>
    </FxCompile>
    <FxCompile Include="..\HLSL\NormalMapping\NormalMappingPS.hlsl">
      <Filter>HLSL\NormalMapping</Filter>
    </FxCompile>
    <FxCompile Include="..\HLSL\NormalMapping\NormalMappingVS.hlsl">
      <Filter>HLSL\NormalMapping</Filter>
    </FxCompile>
    <FxCompile Include="..\HLSL\envMapping\EnvMappingPS.hlsl">
      <Filter>HLSL\Envmapping</Filter>
    </FxCompile>
    <FxCompile Include="..\HLSL\envMapping\EnvMappingVS.hlsl">
      <Filter>HLSL\Envmapping</Filter>
    </FxCompile>
    <FxCompile Include="..\HLSL\Atomosphere\Atomosphere_PS.hlsl">
      <Filter>HLSL\Atomosphere</Filter>
    </FxCompile>
    <FxCompile Include="..\HLSL\Atomosphere\Atomosphere_VS.hlsl">
      <Filter>HLSL\Atomosphere</Filter>
    </FxCompile>
  </ItemGroup>
  <ItemGroup>
    <ClCompile Include="..\System\Main.cpp">
      <Filter>System</Filter>
    </ClCompile>
    <ClCompile Include="..\Actor\Base\Actor.cpp">
      <Filter>Actor\Base</Filter>
    </ClCompile>
    <ClCompile Include="..\Manager\Manager_Texture.cpp">
      <Filter>Manager</Filter>
    </ClCompile>
    <ClCompile Include="..\Manager\Manager_Game.cpp">
      <Filter>Manager</Filter>
    </ClCompile>
    <ClCompile Include="..\System\Input.cpp">
      <Filter>System</Filter>
    </ClCompile>
    <ClCompile Include="..\Actor\2D\Base\Actor2D.cpp">
      <Filter>Actor\2D\Base</Filter>
    </ClCompile>
    <ClCompile Include="..\Component\Component_Sprite.cpp">
      <Filter>Component</Filter>
    </ClCompile>
    <ClCompile Include="..\Manager\Manager_Drawer\Manager_Sprite.cpp">
      <Filter>Manager\Manager_Drawer</Filter>
    </ClCompile>
    <ClCompile Include="..\Component\Component_SpriteAnimation.cpp">
      <Filter>Component</Filter>
    </ClCompile>
    <ClCompile Include="..\Actor\2D\Animation\Test\TestActor2D_Animation.cpp">
      <Filter>Actor\2D\Animation\Test</Filter>
    </ClCompile>
    <ClCompile Include="..\Actor\2D\Static\Test\TestActor2D_Static.cpp">
      <Filter>Actor\2D\Static\Test</Filter>
    </ClCompile>
    <ClCompile Include="..\Manager\Manager_Shader.cpp">
      <Filter>Manager</Filter>
    </ClCompile>
    <ClCompile Include="..\Actor\3D\Base\Actor3D.cpp">
      <Filter>Actor\3D\Base</Filter>
    </ClCompile>
    <ClCompile Include="..\Actor\3D\Camera.cpp">
      <Filter>Actor\3D</Filter>
    </ClCompile>
    <ClCompile Include="..\Manager\Manager_Drawer\Manager_Billboard.cpp">
      <Filter>Manager\Manager_Drawer</Filter>
    </ClCompile>
    <ClCompile Include="..\Actor\3D\Billboard\Test\TestBillboard.cpp">
      <Filter>Actor\3D\Billboard\Test</Filter>
    </ClCompile>
    <ClCompile Include="..\Renderer\Renderer_DX11.cpp">
      <Filter>Renderer</Filter>
    </ClCompile>
    <ClCompile Include="..\Manager\Manager_Drawer\Manager_Landscape.cpp">
      <Filter>Manager\Manager_Drawer</Filter>
    </ClCompile>
    <ClCompile Include="..\Actor\3D\Landscape\MeshField.cpp">
      <Filter>Actor\3D\Landscape</Filter>
    </ClCompile>
    <ClCompile Include="..\Component\Base\Component.cpp">
      <Filter>Component\Base</Filter>
    </ClCompile>
    <ClCompile Include="..\Manager\Manager_Drawer\Owner\Manager_Drawer.cpp">
      <Filter>Manager\Manager_Drawer\Owner</Filter>
    </ClCompile>
    <ClCompile Include="..\Manager\Manager_Drawer\Manager_Fade.cpp">
      <Filter>Manager\Manager_Drawer</Filter>
    </ClCompile>
    <ClCompile Include="..\System\Exchanger.cpp">
      <Filter>System</Filter>
    </ClCompile>
    <ClCompile Include="..\Renderer\Renderer_Polygon.cpp">
      <Filter>Renderer</Filter>
    </ClCompile>
    <ClCompile Include="..\PlayerController\PC_Test.cpp">
      <Filter>PlayerController</Filter>
    </ClCompile>
    <ClCompile Include="ImGui\imgui.cpp">
      <Filter>System\ImGui</Filter>
    </ClCompile>
    <ClCompile Include="ImGui\imgui_draw.cpp">
      <Filter>System\ImGui</Filter>
    </ClCompile>
    <ClCompile Include="ImGui\imgui_impl_dx11.cpp">
      <Filter>System\ImGui</Filter>
    </ClCompile>
    <ClCompile Include="ImGui\imgui_impl_win32.cpp">
      <Filter>System\ImGui</Filter>
    </ClCompile>
    <ClCompile Include="ImGui\imgui_tables.cpp">
      <Filter>System\ImGui</Filter>
    </ClCompile>
    <ClCompile Include="ImGui\imgui_widgets.cpp">
      <Filter>System\ImGui</Filter>
    </ClCompile>
    <ClCompile Include="ImGui\Window_ImGui.cpp">
      <Filter>System\ImGui</Filter>
    </ClCompile>
    <ClCompile Include="..\Actor\3D\Prop\Bullet.cpp">
      <Filter>Actor\3D\Prop</Filter>
    </ClCompile>
    <ClCompile Include="..\Component\Component_OBB.cpp">
      <Filter>Component</Filter>
    </ClCompile>
    <ClCompile Include="..\Component\Component_Rigidbody.cpp">
      <Filter>Component</Filter>
    </ClCompile>
    <ClCompile Include="..\Manager\Manager_Drawer\Manager_Rigidbody.cpp">
      <Filter>Manager\Manager_Drawer</Filter>
    </ClCompile>
    <ClCompile Include="..\Actor\3D\ActorRB\Base\ActorRB.cpp">
      <Filter>Actor\3D\ActorRB\Base</Filter>
    </ClCompile>
    <ClCompile Include="..\Actor\3D\ActorRB\Charcter\Base\Character.cpp">
      <Filter>Actor\3D\ActorRB\Character\Base</Filter>
    </ClCompile>
    <ClCompile Include="..\Actor\3D\ActorRB\Charcter\Enemy.cpp">
      <Filter>Actor\3D\ActorRB\Character</Filter>
    </ClCompile>
    <ClCompile Include="..\Actor\3D\ActorRB\Charcter\Base\StateMachine\StateMachine_Character.cpp">
      <Filter>Actor\3D\ActorRB\Character\Base\StateMachine</Filter>
    </ClCompile>
    <ClCompile Include="..\Actor\3D\ActorRB\Charcter\Base\StateMachine\State\CharacterState_Idle.cpp">
      <Filter>Actor\3D\ActorRB\Character\Base\StateMachine\State</Filter>
    </ClCompile>
    <ClCompile Include="..\Actor\3D\ActorRB\Charcter\Base\StateMachine\State\CharacterState_Walk.cpp">
      <Filter>Actor\3D\ActorRB\Character\Base\StateMachine\State</Filter>
    </ClCompile>
    <ClCompile Include="..\Actor\3D\ActorRB\Charcter\Base\StateMachine\State\Base\CharacterState.cpp">
      <Filter>Actor\3D\ActorRB\Character\Base\StateMachine\State\Base</Filter>
    </ClCompile>
    <ClCompile Include="..\Actor\HUD\HUD_Test.cpp">
      <Filter>Actor\HUD</Filter>
    </ClCompile>
    <ClCompile Include="..\Actor\3D\ActorRB\Prop\Cube.cpp">
      <Filter>Actor\3D\ActorRB\Prop</Filter>
    </ClCompile>
    <ClCompile Include="..\Actor\3D\ActorRB\Prop\Stair.cpp">
      <Filter>Actor\3D\ActorRB\Prop</Filter>
    </ClCompile>
    <ClCompile Include="..\Actor\3D\ActorRB\Prop\Spin_Cube.cpp">
      <Filter>Actor\3D\ActorRB\Prop</Filter>
    </ClCompile>
    <ClCompile Include="..\Manager\Manager_Drawer\Manager_ImGui.cpp">
      <Filter>Manager</Filter>
    </ClCompile>
    <ClCompile Include="..\Component\Component_StaticMesh.cpp">
      <Filter>Component</Filter>
    </ClCompile>
    <ClCompile Include="..\Component\Component_SkeletalMesh.cpp">
      <Filter>Component</Filter>
    </ClCompile>
    <ClCompile Include="..\Manager\Manager_Drawer\Manager_Model.cpp">
      <Filter>Manager\Manager_Drawer</Filter>
    </ClCompile>
    <ClCompile Include="..\Manager\Manager_Audio.cpp">
      <Filter>Manager</Filter>
    </ClCompile>
    <ClCompile Include="..\System\WaveLoder.cpp">
      <Filter>System</Filter>
    </ClCompile>
    <ClCompile Include="..\System\WavePlayer.cpp">
      <Filter>System</Filter>
    </ClCompile>
    <ClCompile Include="..\Actor\3D\ActorRB\Charcter\Base\StateMachine\State\CharacterState_Jump_Start.cpp">
      <Filter>Actor\3D\ActorRB\Character\Base\StateMachine\State</Filter>
    </ClCompile>
    <ClCompile Include="..\Actor\3D\ActorRB\Charcter\Base\StateMachine\State\CharacterState_Jump_Loop.cpp">
      <Filter>Actor\3D\ActorRB\Character\Base\StateMachine\State</Filter>
    </ClCompile>
    <ClCompile Include="..\Actor\2D\Atomosphere\Atomosphere.cpp">
      <Filter>Actor\2D\Atomosphere</Filter>
    </ClCompile>
    <ClCompile Include="..\Manager\Manager_Grid.cpp">
      <Filter>Manager</Filter>
    </ClCompile>
    <ClCompile Include="..\System\MainWindow.cpp">
      <Filter>System</Filter>
    </ClCompile>
    <ClCompile Include="..\Manager\Manager_Drawer\Manager_Font2D.cpp">
      <Filter>Manager\Manager_Font</Filter>
    </ClCompile>
    <ClCompile Include="..\Manager\Manager_Font3D.cpp">
      <Filter>Manager\Manager_Font</Filter>
    </ClCompile>
    <ClCompile Include="..\Manager\Manager_Font.cpp">
      <Filter>Manager\Manager_Font</Filter>
    </ClCompile>
    <ClCompile Include="..\Component\Component_OBJ.cpp">
      <Filter>Component</Filter>
    </ClCompile>
    <ClCompile Include="..\Actor\3D\ActorRB\Prop\Cube_Obj_Test.cpp">
      <Filter>Actor\3D\ActorRB\Prop</Filter>
    </ClCompile>
    <ClCompile Include="..\Manager\Manager_Drawer\Manager_OBB.cpp">
      <Filter>Manager\Manager_Drawer</Filter>
    </ClCompile>
    <ClCompile Include="..\PlayerController\Base\PlayerController.cpp">
      <Filter>PlayerController\Base</Filter>
    </ClCompile>
    <ClCompile Include="..\Actor\3D\ActorRB\Charcter\Base\StateMachine\State\CharacterState_Sprint.cpp">
      <Filter>Actor\3D\ActorRB\Character\Base\StateMachine\State</Filter>
    </ClCompile>
    <ClCompile Include="..\System\Time.cpp">
      <Filter>System</Filter>
    </ClCompile>
    <ClCompile Include="..\Manager\Manager_Thread.cpp">
      <Filter>Manager</Filter>
    </ClCompile>
    <ClCompile Include="..\Manager\Manager_Timeline.cpp">
      <Filter>Manager</Filter>
    </ClCompile>
    <ClCompile Include="..\System\Complement\Complement_Base.cpp">
      <Filter>System\Complement</Filter>
    </ClCompile>
    <ClCompile Include="..\System\Complement\Complement_Lerp.cpp">
      <Filter>System\Complement</Filter>
    </ClCompile>
    <ClCompile Include="..\PlayerController\PC_Title.cpp">
      <Filter>PlayerController</Filter>
    </ClCompile>
    <ClCompile Include="..\Level\Level_Title.cpp">
      <Filter>Level</Filter>
    </ClCompile>
    <ClCompile Include="..\Actor\HUD\HUD_Title.cpp">
      <Filter>Actor\HUD</Filter>
    </ClCompile>
    <ClCompile Include="..\Actor\3D\ActorRB\Prop\Sphere.cpp">
      <Filter>Actor\3D\ActorRB\Prop</Filter>
    </ClCompile>
    <ClCompile Include="..\Actor\3D\ActorRB\Charcter\Base\StateMachine\State\CharacterState_Fall.cpp">
      <Filter>Actor\3D\ActorRB\Character\Base\StateMachine\State</Filter>
    </ClCompile>
    <ClCompile Include="..\Actor\3D\Prop\SkySphere.cpp">
      <Filter>Actor\3D\Prop</Filter>
    </ClCompile>
    <ClCompile Include="..\Actor\3D\ActorRB\Prop\Cube_LD.cpp">
      <Filter>Actor\3D\ActorRB\Prop</Filter>
    </ClCompile>
    <ClCompile Include="..\Component\Component_Cube.cpp">
      <Filter>Component</Filter>
    </ClCompile>
    <ClCompile Include="..\Manager\Manager_Drawer\Manager_Cube.cpp">
      <Filter>Manager\Manager_Drawer</Filter>
    </ClCompile>
    <ClCompile Include="..\Sound\FootStep.cpp">
      <Filter>Sound</Filter>
    </ClCompile>
    <ClCompile Include="..\System\DataSaver.cpp">
      <Filter>System</Filter>
    </ClCompile>
    <ClCompile Include="..\Level\Level_Game.cpp">
      <Filter>Level</Filter>
    </ClCompile>
    <ClCompile Include="..\Actor\3D\ActorRB\Prop\Coin.cpp">
      <Filter>Actor\3D\ActorRB\Prop</Filter>
    </ClCompile>
    <ClCompile Include="..\Actor\3D\ActorRB\Prop\Move_Cube.cpp">
      <Filter>Actor\3D\ActorRB\Prop</Filter>
    </ClCompile>
    <ClCompile Include="..\Actor\3D\ActorRB\Prop\Cube_NongravityMass.cpp">
      <Filter>Actor\3D\ActorRB\Prop</Filter>
    </ClCompile>
    <ClCompile Include="..\Actor\3D\ActorRB\Prop\Treasure.cpp">
      <Filter>Actor\3D\ActorRB\Prop</Filter>
    </ClCompile>
    <ClCompile Include="..\Component\Component_Billboard.cpp">
      <Filter>Component</Filter>
    </ClCompile>
    <ClCompile Include="..\Actor\3D\Prop\ItemSphere.cpp">
      <Filter>Actor\3D\Prop</Filter>
    </ClCompile>
    <ClCompile Include="..\Level\Level_TP.cpp">
      <Filter>Level</Filter>
    </ClCompile>
  </ItemGroup>
  <ItemGroup>
    <ClInclude Include="..\System\Main.h">
      <Filter>System</Filter>
    </ClInclude>
    <ClInclude Include="..\Actor\Base\Actor.h">
      <Filter>Actor\Base</Filter>
    </ClInclude>
    <ClInclude Include="..\Component\Base\Component.h">
      <Filter>Component\Base</Filter>
    </ClInclude>
    <ClInclude Include="..\Manager\Manager_Texture.h">
      <Filter>Manager</Filter>
    </ClInclude>
    <ClInclude Include="..\Manager\Manager_Game.h">
      <Filter>Manager</Filter>
    </ClInclude>
    <ClInclude Include="..\System\Input.h">
      <Filter>System</Filter>
    </ClInclude>
    <ClInclude Include="..\System\Singleton.h">
      <Filter>System</Filter>
    </ClInclude>
    <ClInclude Include="..\Actor\2D\Base\Actor2D.h">
      <Filter>Actor\2D\Base</Filter>
    </ClInclude>
    <ClInclude Include="..\Component\Component_Sprite.h">
      <Filter>Component</Filter>
    </ClInclude>
    <ClInclude Include="..\Manager\Manager_Drawer\Manager_Sprite.h">
      <Filter>Manager\Manager_Drawer</Filter>
    </ClInclude>
    <ClInclude Include="..\Component\Component_SpriteAnimation.h">
      <Filter>Component</Filter>
    </ClInclude>
    <ClInclude Include="..\Actor\2D\Animation\Test\TestActor2D_Animation.h">
      <Filter>Actor\2D\Animation\Test</Filter>
    </ClInclude>
    <ClInclude Include="..\Actor\2D\Static\Test\TestActor2D_Static.h">
      <Filter>Actor\2D\Static\Test</Filter>
    </ClInclude>
    <ClInclude Include="..\Manager\Manager_Shader.h">
      <Filter>Manager</Filter>
    </ClInclude>
    <ClInclude Include="..\Level\Base\Level.h">
      <Filter>Level\Base</Filter>
    </ClInclude>
    <ClInclude Include="..\Actor\3D\Base\Actor3D.h">
      <Filter>Actor\3D\Base</Filter>
    </ClInclude>
    <ClInclude Include="..\Component\Component_Billboard.h">
      <Filter>Component</Filter>
    </ClInclude>
    <ClInclude Include="..\Actor\3D\Camera.h">
      <Filter>Actor\3D</Filter>
    </ClInclude>
    <ClInclude Include="..\Manager\Manager_Drawer\Manager_Billboard.h">
      <Filter>Manager\Manager_Drawer</Filter>
    </ClInclude>
    <ClInclude Include="..\Actor\3D\Billboard\Test\TestBillboard.h">
      <Filter>Actor\3D\Billboard\Test</Filter>
    </ClInclude>
    <ClInclude Include="..\Renderer\Renderer_DX11.h">
      <Filter>Renderer</Filter>
    </ClInclude>
    <ClInclude Include="..\Manager\Manager_Drawer\Manager_Landscape.h">
      <Filter>Manager\Manager_Drawer</Filter>
    </ClInclude>
    <ClInclude Include="..\Actor\3D\Landscape\MeshField.h">
      <Filter>Actor\3D\Landscape</Filter>
    </ClInclude>
    <ClInclude Include="..\Manager\Manager_Drawer\Owner\Manager_Drawer.h">
      <Filter>Manager\Manager_Drawer\Owner</Filter>
    </ClInclude>
    <ClInclude Include="..\System\Math.h">
      <Filter>System</Filter>
    </ClInclude>
    <ClInclude Include="..\Manager\Manager_Drawer\Manager_Fade.h">
      <Filter>Manager\Manager_Drawer</Filter>
    </ClInclude>
    <ClInclude Include="..\System\Exchanger.h">
      <Filter>System</Filter>
    </ClInclude>
    <ClInclude Include="..\Renderer\Renderer_Polygon.h">
      <Filter>Renderer</Filter>
    </ClInclude>
    <ClInclude Include="..\System\Color.h">
      <Filter>System</Filter>
    </ClInclude>
    <ClInclude Include="..\PlayerController\Base\PlayerController.h">
      <Filter>PlayerController\Base</Filter>
    </ClInclude>
    <ClInclude Include="..\PlayerController\PC_Test.h">
      <Filter>PlayerController</Filter>
    </ClInclude>
    <ClInclude Include="ImGui\imconfig.h">
      <Filter>System\ImGui</Filter>
    </ClInclude>
    <ClInclude Include="ImGui\imgui.h">
      <Filter>System\ImGui</Filter>
    </ClInclude>
    <ClInclude Include="ImGui\imgui_impl_dx11.h">
      <Filter>System\ImGui</Filter>
    </ClInclude>
    <ClInclude Include="ImGui\imgui_impl_win32.h">
      <Filter>System\ImGui</Filter>
    </ClInclude>
    <ClInclude Include="ImGui\imgui_internal.h">
      <Filter>System\ImGui</Filter>
    </ClInclude>
    <ClInclude Include="ImGui\imstb_rectpack.h">
      <Filter>System\ImGui</Filter>
    </ClInclude>
    <ClInclude Include="ImGui\imstb_textedit.h">
      <Filter>System\ImGui</Filter>
    </ClInclude>
    <ClInclude Include="ImGui\imstb_truetype.h">
      <Filter>System\ImGui</Filter>
    </ClInclude>
    <ClInclude Include="ImGui\Window_ImGui.h">
      <Filter>System\ImGui</Filter>
    </ClInclude>
    <ClInclude Include="..\Actor\3D\Prop\Bullet.h">
      <Filter>Actor\3D\Prop</Filter>
    </ClInclude>
    <ClInclude Include="..\Component\Component_OBB.h">
      <Filter>Component</Filter>
    </ClInclude>
    <ClInclude Include="..\Component\Component_Rigidbody.h">
      <Filter>Component</Filter>
    </ClInclude>
    <ClInclude Include="..\Manager\Manager_Drawer\Manager_Rigidbody.h">
      <Filter>Manager\Manager_Drawer</Filter>
    </ClInclude>
    <ClInclude Include="..\Actor\3D\ActorRB\Base\ActorRB.h">
      <Filter>Actor\3D\ActorRB\Base</Filter>
    </ClInclude>
    <ClInclude Include="..\Actor\3D\ActorRB\Charcter\Base\Character.h">
      <Filter>Actor\3D\ActorRB\Character\Base</Filter>
    </ClInclude>
    <ClInclude Include="..\Actor\3D\ActorRB\Charcter\Enemy.h">
      <Filter>Actor\3D\ActorRB\Character</Filter>
    </ClInclude>
    <ClInclude Include="..\Actor\3D\ActorRB\Charcter\Base\StateMachine\State\Base\CharacterState.h">
      <Filter>Actor\3D\ActorRB\Character\Base\StateMachine\State\Base</Filter>
    </ClInclude>
    <ClInclude Include="..\Actor\3D\ActorRB\Charcter\Base\StateMachine\StateMachine_Character.h">
      <Filter>Actor\3D\ActorRB\Character\Base\StateMachine</Filter>
    </ClInclude>
    <ClInclude Include="..\Actor\3D\ActorRB\Charcter\Base\StateMachine\State\CharacterState_Idle.h">
      <Filter>Actor\3D\ActorRB\Character\Base\StateMachine\State</Filter>
    </ClInclude>
    <ClInclude Include="..\Actor\3D\ActorRB\Charcter\Base\StateMachine\State\CharacterState_Walk.h">
      <Filter>Actor\3D\ActorRB\Character\Base\StateMachine\State</Filter>
    </ClInclude>
    <ClInclude Include="..\Actor\HUD\Base\HUD.h">
      <Filter>Actor\HUD\Base</Filter>
    </ClInclude>
    <ClInclude Include="..\Actor\HUD\HUD_Test.h">
      <Filter>Actor\HUD</Filter>
    </ClInclude>
    <ClInclude Include="..\Actor\3D\ActorRB\Prop\Cube.h">
      <Filter>Actor\3D\ActorRB\Prop</Filter>
    </ClInclude>
    <ClInclude Include="..\Actor\3D\ActorRB\Prop\Stair.h">
      <Filter>Actor\3D\ActorRB\Prop</Filter>
    </ClInclude>
    <ClInclude Include="..\Actor\3D\ActorRB\Prop\Spin_Cube.h">
      <Filter>Actor\3D\ActorRB\Prop</Filter>
    </ClInclude>
    <ClInclude Include="..\Manager\Manager_Drawer\Manager_ImGui.h">
      <Filter>Manager</Filter>
    </ClInclude>
    <ClInclude Include="..\Component\Component_StaticMesh.h">
      <Filter>Component</Filter>
    </ClInclude>
    <ClInclude Include="..\Component\Component_SkeletalMesh.h">
      <Filter>Component</Filter>
    </ClInclude>
    <ClInclude Include="..\Manager\Manager_Drawer\Manager_Model.h">
      <Filter>Manager\Manager_Drawer</Filter>
    </ClInclude>
    <ClInclude Include="..\Manager\Manager_Audio.h">
      <Filter>Manager</Filter>
    </ClInclude>
    <ClInclude Include="..\System\WaveLoder.h">
      <Filter>System</Filter>
    </ClInclude>
    <ClInclude Include="..\System\WavePlayer.h">
      <Filter>System</Filter>
    </ClInclude>
    <ClInclude Include="..\Actor\3D\ActorRB\Charcter\Base\StateMachine\State\CharacterState_Jump_Start.h">
      <Filter>Actor\3D\ActorRB\Character\Base\StateMachine\State</Filter>
    </ClInclude>
    <ClInclude Include="..\Actor\3D\ActorRB\Charcter\Base\StateMachine\State\CharacterState_Jump_Loop.h">
      <Filter>Actor\3D\ActorRB\Character\Base\StateMachine\State</Filter>
    </ClInclude>
    <ClInclude Include="..\Actor\2D\Atomosphere\Atomosphere.h">
      <Filter>Actor\2D\Atomosphere</Filter>
    </ClInclude>
    <ClInclude Include="..\Manager\Manager_Grid.h">
      <Filter>Manager</Filter>
    </ClInclude>
    <ClInclude Include="..\System\MainWindow.h">
      <Filter>System</Filter>
    </ClInclude>
    <ClInclude Include="..\System\DataSaver.h">
      <Filter>System</Filter>
    </ClInclude>
    <ClInclude Include="..\Manager\Manager_Drawer\Manager_Font2D.h">
      <Filter>Manager\Manager_Font</Filter>
    </ClInclude>
    <ClInclude Include="..\Manager\Manager_Font3D.h">
      <Filter>Manager\Manager_Font</Filter>
    </ClInclude>
    <ClInclude Include="..\Manager\Manager_Font.h">
      <Filter>Manager\Manager_Font</Filter>
    </ClInclude>
    <ClInclude Include="..\Component\Component_OBJ.h">
      <Filter>Component</Filter>
    </ClInclude>
    <ClInclude Include="..\Actor\3D\ActorRB\Prop\Cube_Obj_Test.h">
      <Filter>Actor\3D\ActorRB\Prop</Filter>
    </ClInclude>
    <ClInclude Include="..\Manager\Manager_Drawer\Manager_OBB.h">
      <Filter>Manager\Manager_Drawer</Filter>
    </ClInclude>
    <ClInclude Include="..\System\Time.h">
      <Filter>System</Filter>
    </ClInclude>
    <ClInclude Include="..\Actor\3D\ActorRB\Charcter\Base\StateMachine\State\CharacterState_Sprint.h">
      <Filter>Actor\3D\ActorRB\Character\Base\StateMachine\State</Filter>
    </ClInclude>
    <ClInclude Include="..\Manager\Manager_Thread.h">
      <Filter>Manager</Filter>
    </ClInclude>
    <ClInclude Include="..\Manager\Manager_Timeline.h">
      <Filter>Manager</Filter>
    </ClInclude>
    <ClInclude Include="..\System\Complement\Complement_Base.h">
      <Filter>System\Complement</Filter>
    </ClInclude>
    <ClInclude Include="..\System\Complement\Complement_Lerp.h">
      <Filter>System\Complement</Filter>
    </ClInclude>
    <ClInclude Include="..\PlayerController\PC_Title.h">
      <Filter>PlayerController</Filter>
    </ClInclude>
    <ClInclude Include="..\Level\Level_Title.h">
      <Filter>Level</Filter>
    </ClInclude>
    <ClInclude Include="..\Actor\HUD\HUD_Title.h">
      <Filter>Actor\HUD</Filter>
    </ClInclude>
    <ClInclude Include="..\Actor\3D\ActorRB\Prop\Sphere.h">
      <Filter>Actor\3D\ActorRB\Prop</Filter>
    </ClInclude>
    <ClInclude Include="..\Actor\3D\ActorRB\Charcter\Base\StateMachine\State\CharacterState_Fall.h">
      <Filter>Actor\3D\ActorRB\Character\Base\StateMachine\State</Filter>
    </ClInclude>
    <ClInclude Include="..\Manager\Manager_Drawer\ManagerComponent_MultiArray_Base.h">
      <Filter>Manager\Manager_Drawer</Filter>
    </ClInclude>
    <ClInclude Include="..\Manager\Manager_Drawer\ManagerComponent_SingleArray_Base.h">
      <Filter>Manager\Manager_Drawer</Filter>
    </ClInclude>
    <ClInclude Include="..\Actor\3D\Prop\SkySphere.h">
      <Filter>Actor\3D\Prop</Filter>
    </ClInclude>
    <ClInclude Include="..\Actor\3D\ActorRB\Prop\Cube_LD.h">
      <Filter>Actor\3D\ActorRB\Prop</Filter>
    </ClInclude>
    <ClInclude Include="..\Component\Component_Cube.h">
      <Filter>Component</Filter>
    </ClInclude>
    <ClInclude Include="..\Manager\Manager_Drawer\Manager_Cube.h">
      <Filter>Manager\Manager_Drawer</Filter>
    </ClInclude>
    <ClInclude Include="..\Sound\FootStep.h">
      <Filter>Sound</Filter>
    </ClInclude>
    <ClInclude Include="..\Level\Level_Game.h">
      <Filter>Level</Filter>
    </ClInclude>
    <ClInclude Include="..\Actor\3D\ActorRB\Prop\Coin.h">
      <Filter>Actor\3D\ActorRB\Prop</Filter>
    </ClInclude>
    <ClInclude Include="..\Actor\3D\ActorRB\Prop\Move_Cube.h">
      <Filter>Actor\3D\ActorRB\Prop</Filter>
    </ClInclude>
    <ClInclude Include="..\Actor\3D\ActorRB\Prop\Cube_NongravityMass.h">
      <Filter>Actor\3D\ActorRB\Prop</Filter>
    </ClInclude>
    <ClInclude Include="..\Actor\3D\ActorRB\Prop\Treasure.h">
      <Filter>Actor\3D\ActorRB\Prop</Filter>
    </ClInclude>
    <ClInclude Include="..\Component\ModelBase\Component_ModelBase.h">
      <Filter>Component</Filter>
    </ClInclude>
    <ClInclude Include="..\Actor\3D\Prop\ItemSphere.h">
      <Filter>Actor\3D\Prop</Filter>
    </ClInclude>
    <ClInclude Include="..\Level\Level_TP.h">
      <Filter>Level</Filter>
    </ClInclude>
  </ItemGroup>
</Project>